
Microsoft Visual Studio Solution File, Format Version 12.00
# Visual Studio Version 17
VisualStudioVersion = 17.9.34728.123
MinimumVisualStudioVersion = 10.0.40219.1
Project("{FAE04EC0-301F-11D3-BF4B-00C04F79EFBC}") = "AppMvcFuncional", "src\AppMvcFuncional\AppMvcFuncional.csproj", "{5D62CF0D-DEB1-488E-A904-BEA912BC6652}"
EndProject
Global
	GlobalSection(SolutionConfigurationPlatforms) = preSolution
		Debug|Any CPU = Debug|Any CPU
		Release|Any CPU = Release|Any CPU
	EndGlobalSection
	GlobalSection(ProjectConfigurationPlatforms) = postSolution
		{5D62CF0D-DEB1-488E-A904-BEA912BC6652}.Debug|Any CPU.ActiveCfg = Debug|Any CPU
		{5D62CF0D-DEB1-488E-A904-BEA912BC6652}.Debug|Any CPU.Build.0 = Debug|Any CPU
		{5D62CF0D-DEB1-488E-A904-BEA912BC6652}.Release|Any CPU.ActiveCfg = Release|Any CPU
		{5D62CF0D-DEB1-488E-A904-BEA912BC6652}.Release|Any CPU.Build.0 = Release|Any CPU
	EndGlobalSection
	GlobalSection(SolutionProperties) = preSolution
		HideSolutionNode = FALSE
	EndGlobalSection
	GlobalSection(ExtensibilityGlobals) = postSolution
		SolutionGuid = {4B999763-05B6-4C03-8784-FBFB72658598}
	EndGlobalSection
EndGlobal
